
Microsoft Visual Studio Solution File, Format Version 12.00
# Visual Studio Version 17
VisualStudioVersion = 17.5.002.0
MinimumVisualStudioVersion = 10.0.40219.1
Project("{9A19103F-16F7-4668-BE54-9A1E7A4F7556}") = "Arguments", "Arguments.csproj", "{619170E2-CF75-416F-AA0D-8916E2F7CC9F}"
EndProject
Global
	GlobalSection(SolutionConfigurationPlatforms) = preSolution
		Debug|Any CPU = Debug|Any CPU
		Release|Any CPU = Release|Any CPU
	EndGlobalSection
	GlobalSection(ProjectConfigurationPlatforms) = postSolution
		{619170E2-CF75-416F-AA0D-8916E2F7CC9F}.Debug|Any CPU.ActiveCfg = Debug|Any CPU
		{619170E2-CF75-416F-AA0D-8916E2F7CC9F}.Debug|Any CPU.Build.0 = Debug|Any CPU
		{619170E2-CF75-416F-AA0D-8916E2F7CC9F}.Release|Any CPU.ActiveCfg = Release|Any CPU
		{619170E2-CF75-416F-AA0D-8916E2F7CC9F}.Release|Any CPU.Build.0 = Release|Any CPU
	EndGlobalSection
	GlobalSection(SolutionProperties) = preSolution
		HideSolutionNode = FALSE
	EndGlobalSection
	GlobalSection(ExtensibilityGlobals) = postSolution
		SolutionGuid = {B64BC6A3-1DC2-42BF-96E8-3F03C622C058}
	EndGlobalSection
EndGlobal
